
Microsoft Visual Studio Solution File, Format Version 12.00
Project("{FAE04EC0-301F-11D3-BF4B-00C04F79EFBC}") = "Paarungsruf.Server", "Paarungsruf\Server\Paarungsruf.Server.csproj", "{A9E6E525-0AD1-4FF2-8D74-B1E693125F51}"
EndProject
Project("{FAE04EC0-301F-11D3-BF4B-00C04F79EFBC}") = "Paarungsruf.Client", "Paarungsruf\Client\Paarungsruf.Client.csproj", "{DF7D8ACF-08D1-4F62-BE17-EF39A4235ACD}"
EndProject
Project("{FAE04EC0-301F-11D3-BF4B-00C04F79EFBC}") = "Paarungsruf.Domain", "Paarungsruf\Shared\Paarungsruf.Domain.csproj", "{322E2448-8834-4EE8-87E2-4FA69F685E69}"
EndProject
Project("{FAE04EC0-301F-11D3-BF4B-00C04F79EFBC}") = "Domain.UnitTests", "Domain.UnitTests\Domain.UnitTests.csproj", "{FC91BD87-5973-49F4-8542-DB2CFBA08FF8}"
EndProject
Project("{2150E333-8FDC-42A3-9474-1A3956D46DE8}") = "SolutionItems", "SolutionItems", "{314F6ABD-68C0-4059-B55E-96A30A762508}"
	ProjectSection(SolutionItems) = preProject
		.gitignore = .gitignore
	EndProjectSection
EndProject
Global
	GlobalSection(SolutionConfigurationPlatforms) = preSolution
		Debug|Any CPU = Debug|Any CPU
		Release|Any CPU = Release|Any CPU
	EndGlobalSection
	GlobalSection(ProjectConfigurationPlatforms) = postSolution
		{A9E6E525-0AD1-4FF2-8D74-B1E693125F51}.Debug|Any CPU.ActiveCfg = Debug|Any CPU
		{A9E6E525-0AD1-4FF2-8D74-B1E693125F51}.Debug|Any CPU.Build.0 = Debug|Any CPU
		{A9E6E525-0AD1-4FF2-8D74-B1E693125F51}.Release|Any CPU.ActiveCfg = Release|Any CPU
		{A9E6E525-0AD1-4FF2-8D74-B1E693125F51}.Release|Any CPU.Build.0 = Release|Any CPU
		{DF7D8ACF-08D1-4F62-BE17-EF39A4235ACD}.Debug|Any CPU.ActiveCfg = Debug|Any CPU
		{DF7D8ACF-08D1-4F62-BE17-EF39A4235ACD}.Debug|Any CPU.Build.0 = Debug|Any CPU
		{DF7D8ACF-08D1-4F62-BE17-EF39A4235ACD}.Release|Any CPU.ActiveCfg = Release|Any CPU
		{DF7D8ACF-08D1-4F62-BE17-EF39A4235ACD}.Release|Any CPU.Build.0 = Release|Any CPU
		{322E2448-8834-4EE8-87E2-4FA69F685E69}.Debug|Any CPU.ActiveCfg = Debug|Any CPU
		{322E2448-8834-4EE8-87E2-4FA69F685E69}.Debug|Any CPU.Build.0 = Debug|Any CPU
		{322E2448-8834-4EE8-87E2-4FA69F685E69}.Release|Any CPU.ActiveCfg = Release|Any CPU
		{322E2448-8834-4EE8-87E2-4FA69F685E69}.Release|Any CPU.Build.0 = Release|Any CPU
		{FC91BD87-5973-49F4-8542-DB2CFBA08FF8}.Debug|Any CPU.ActiveCfg = Debug|Any CPU
		{FC91BD87-5973-49F4-8542-DB2CFBA08FF8}.Debug|Any CPU.Build.0 = Debug|Any CPU
		{FC91BD87-5973-49F4-8542-DB2CFBA08FF8}.Release|Any CPU.ActiveCfg = Release|Any CPU
		{FC91BD87-5973-49F4-8542-DB2CFBA08FF8}.Release|Any CPU.Build.0 = Release|Any CPU
	EndGlobalSection
EndGlobal
